
Microsoft Visual Studio Solution File, Format Version 12.00
# Visual Studio 15
VisualStudioVersion = 15.0.27130.2010
MinimumVisualStudioVersion = 10.0.40219.1
Project("{FAE04EC0-301F-11D3-BF4B-00C04F79EFBC}") = "Addic7ed.Addic7edApi", "Addic7ed.Addic7edApi\Addic7ed.Addic7edApi.csproj", "{37D294CC-C49D-4E2D-BB69-E20AB405E91F}"
EndProject
Project("{FAE04EC0-301F-11D3-BF4B-00C04F79EFBC}") = "Addic7ed.Addic7edApi.Tests", "Addic7ed.Addic7edApi.Tests\Addic7ed.Addic7edApi.Tests.csproj", "{A43F9F05-DC00-47BB-9BE9-E29EE902973B}"
EndProject
Global
	GlobalSection(SolutionConfigurationPlatforms) = preSolution
		Debug|Any CPU = Debug|Any CPU
		Release|Any CPU = Release|Any CPU
	EndGlobalSection
	GlobalSection(ProjectConfigurationPlatforms) = postSolution
		{37D294CC-C49D-4E2D-BB69-E20AB405E91F}.Debug|Any CPU.ActiveCfg = Debug|Any CPU
		{37D294CC-C49D-4E2D-BB69-E20AB405E91F}.Debug|Any CPU.Build.0 = Debug|Any CPU
		{37D294CC-C49D-4E2D-BB69-E20AB405E91F}.Release|Any CPU.ActiveCfg = Release|Any CPU
		{37D294CC-C49D-4E2D-BB69-E20AB405E91F}.Release|Any CPU.Build.0 = Release|Any CPU
		{A43F9F05-DC00-47BB-9BE9-E29EE902973B}.Debug|Any CPU.ActiveCfg = Debug|Any CPU
		{A43F9F05-DC00-47BB-9BE9-E29EE902973B}.Debug|Any CPU.Build.0 = Debug|Any CPU
		{A43F9F05-DC00-47BB-9BE9-E29EE902973B}.Release|Any CPU.ActiveCfg = Release|Any CPU
		{A43F9F05-DC00-47BB-9BE9-E29EE902973B}.Release|Any CPU.Build.0 = Release|Any CPU
	EndGlobalSection
	GlobalSection(SolutionProperties) = preSolution
		HideSolutionNode = FALSE
	EndGlobalSection
	GlobalSection(ExtensibilityGlobals) = postSolution
		SolutionGuid = {D4E58506-FE89-4DC3-9201-AC85C8A16002}
	EndGlobalSection
EndGlobal
